<Project ToolsVersion="4.0" xmlns="http://schemas.microsoft.com/developer/msbuild/2003">
  <ItemGroup>
    <Filter Include="Source Files">
      <UniqueIdentifier>{4FC737F1-C7A5-4376-A066-2A32D752A2FF}</UniqueIdentifier>
      <Extensions>cpp;c;cc;cxx;def;odl;idl;hpj;bat;asm;asmx</Extensions>
    </Filter>
    <Filter Include="Header Files">
      <UniqueIdentifier>{93995380-89BD-4b04-88EB-625FBE52EBFB}</UniqueIdentifier>
      <Extensions>h;hpp;hxx;hm;inl;inc;xsd</Extensions>
    </Filter>
    <Filter Include="Resource Files">
      <UniqueIdentifier>{67DA6AB6-F800-4c08-8B7A-83BB121AAD01}</UniqueIdentifier>
      <Extensions>rc;ico;cur;bmp;dlg;rc2;rct;bin;rgs;gif;jpg;jpeg;jpe;resx;tiff;tif;png;wav</Extensions>
    </Filter>
    <Filter Include="Blocks">
      <UniqueIdentifier>{2A2A4BDF-D70B-4829-9FF8-C682C603E1E6}</UniqueIdentifier>
    </Filter>
    <Filter Include="Blocks\LeapMotion">
      <UniqueIdentifier>{F7C1BBB3-21FC-4B88-8C93-3A6F64142755}</UniqueIdentifier>
    </Filter>
    <Filter Include="Blocks\LeapMotion\src">
      <UniqueIdentifier>{3973F900-09B3-41A1-8215-28526F2156B6}</UniqueIdentifier>
    </Filter>
  </ItemGroup>
  <ItemGroup>
    <ClCompile Include="..\src\CinderProjectApp.cpp">
      <Filter>Source Files</Filter>
    </ClCompile>
    <ClInclude Include="..\include\Resources.h">
      <Filter>Header Files</Filter>
    </ClInclude>
    <ClCompile Include="..\src\CinderProjectApp.cpp">
      <Filter>Source Files</Filter>
    </ClCompile>
    <ClCompile Include="..\..\..\cinder_0.9.0_vc2013\cinder_0.9.0_vc2013\Cinder-LeapMotion-master\Cinder-LeapMotion-master\src\Cinder-LeapMotion.cpp">
      <Filter>Blocks\LeapMotion\src</Filter>
    </ClCompile>
    <ClInclude Include="..\..\..\cinder_0.9.0_vc2013\cinder_0.9.0_vc2013\Cinder-LeapMotion-master\Cinder-LeapMotion-master\src\Cinder-LeapMotion.h">
      <Filter>Blocks\LeapMotion\src</Filter>
    </ClInclude>
    <ClInclude Include="..\..\..\cinder_0.9.0_vc2013\cinder_0.9.0_vc2013\Cinder-LeapMotion-master\Cinder-LeapMotion-master\src\Leap.h">
      <Filter>Blocks\LeapMotion\src</Filter>
    </ClInclude>
    <ClInclude Include="..\..\..\cinder_0.9.0_vc2013\cinder_0.9.0_vc2013\Cinder-LeapMotion-master\Cinder-LeapMotion-master\src\LeapMath.h">
      <Filter>Blocks\LeapMotion\src</Filter>
    </ClInclude>
  </ItemGroup>
  <ItemGroup>
    <ClInclude Include="..\include\Resources.h">
      <Filter>Header Files</Filter>
    </ClInclude>
  </ItemGroup>
  <ItemGroup>
    <ResourceCompile Include="Resources.rc">
      <Filter>Resource Files</Filter>
    </ResourceCompile>
  </ItemGroup>
</Project>
